
Microsoft Visual Studio Solution File, Format Version 11.00
# Visual Studio 2010
Project("{FAE04EC0-301F-11D3-BF4B-00C04F79EFBC}") = "SayHi", "SayHi\SayHi.csproj", "{E0452217-8A9E-4DE8-8ECE-792B208D0657}"
EndProject
Global
	GlobalSection(SolutionConfigurationPlatforms) = preSolution
		Debug|iPhoneSimulator = Debug|iPhoneSimulator
		Release|iPhoneSimulator = Release|iPhoneSimulator
		Debug|iPhone = Debug|iPhone
		Release|iPhone = Release|iPhone
		Ad-Hoc|iPhone = Ad-Hoc|iPhone
		AppStore|iPhone = AppStore|iPhone
	EndGlobalSection
	GlobalSection(ProjectConfigurationPlatforms) = postSolution
		{E0452217-8A9E-4DE8-8ECE-792B208D0657}.Ad-Hoc|iPhone.ActiveCfg = Ad-Hoc|iPhone
		{E0452217-8A9E-4DE8-8ECE-792B208D0657}.Ad-Hoc|iPhone.Build.0 = Ad-Hoc|iPhone
		{E0452217-8A9E-4DE8-8ECE-792B208D0657}.AppStore|iPhone.ActiveCfg = AppStore|iPhone
		{E0452217-8A9E-4DE8-8ECE-792B208D0657}.AppStore|iPhone.Build.0 = AppStore|iPhone
		{E0452217-8A9E-4DE8-8ECE-792B208D0657}.Debug|iPhone.ActiveCfg = Debug|iPhone
		{E0452217-8A9E-4DE8-8ECE-792B208D0657}.Debug|iPhone.Build.0 = Debug|iPhone
		{E0452217-8A9E-4DE8-8ECE-792B208D0657}.Debug|iPhoneSimulator.ActiveCfg = Debug|iPhoneSimulator
		{E0452217-8A9E-4DE8-8ECE-792B208D0657}.Debug|iPhoneSimulator.Build.0 = Debug|iPhoneSimulator
		{E0452217-8A9E-4DE8-8ECE-792B208D0657}.Release|iPhone.ActiveCfg = Release|iPhone
		{E0452217-8A9E-4DE8-8ECE-792B208D0657}.Release|iPhone.Build.0 = Release|iPhone
		{E0452217-8A9E-4DE8-8ECE-792B208D0657}.Release|iPhoneSimulator.ActiveCfg = Release|iPhoneSimulator
		{E0452217-8A9E-4DE8-8ECE-792B208D0657}.Release|iPhoneSimulator.Build.0 = Release|iPhoneSimulator
	EndGlobalSection
	GlobalSection(MonoDevelopProperties) = preSolution
		StartupItem = SayHi\SayHi.csproj
	EndGlobalSection
EndGlobal
